
Microsoft Visual Studio Solution File, Format Version 12.00
# Visual Studio Version 17
VisualStudioVersion = 17.7.34221.43
MinimumVisualStudioVersion = 10.0.40219.1
Project("{FAE04EC0-301F-11D3-BF4B-00C04F79EFBC}") = "Practica14", "Practica14.csproj", "{BF5CCD2B-1BA1-40A4-9EDB-4C11FCBDCC57}"
EndProject
Global
	GlobalSection(SolutionConfigurationPlatforms) = preSolution
		Debug|Any CPU = Debug|Any CPU
		Release|Any CPU = Release|Any CPU
	EndGlobalSection
	GlobalSection(ProjectConfigurationPlatforms) = postSolution
		{BF5CCD2B-1BA1-40A4-9EDB-4C11FCBDCC57}.Debug|Any CPU.ActiveCfg = Debug|Any CPU
		{BF5CCD2B-1BA1-40A4-9EDB-4C11FCBDCC57}.Debug|Any CPU.Build.0 = Debug|Any CPU
		{BF5CCD2B-1BA1-40A4-9EDB-4C11FCBDCC57}.Release|Any CPU.ActiveCfg = Release|Any CPU
		{BF5CCD2B-1BA1-40A4-9EDB-4C11FCBDCC57}.Release|Any CPU.Build.0 = Release|Any CPU
	EndGlobalSection
	GlobalSection(SolutionProperties) = preSolution
		HideSolutionNode = FALSE
	EndGlobalSection
	GlobalSection(ExtensibilityGlobals) = postSolution
		SolutionGuid = {732AF5DE-27C1-414E-9756-8E52C989132E}
	EndGlobalSection
EndGlobal
